
Microsoft Visual Studio Solution File, Format Version 12.00
# Visual Studio Version 17
VisualStudioVersion = 17.4.33213.308
MinimumVisualStudioVersion = 10.0.40219.1
Project("{8BC9CEB8-8B4A-11D0-8D11-00A0C91BC942}") = "NativeApp", "NativeApp\NativeApp.vcxproj", "{E0FFFE20-E286-43BF-A408-6CFF7F71ABC5}"
EndProject
Project("{8BC9CEB8-8B4A-11D0-8D11-00A0C91BC942}") = "NativeLib", "NativeLib\NativeLib.vcxproj", "{06ED6FA7-0CE4-465B-93B7-0B206709DA2B}"
EndProject
Project("{FAE04EC0-301F-11D3-BF4B-00C04F79EFBC}") = "ManagedLib", "ManagedLib\ManagedLib.csproj", "{21D07F28-D2E4-4D37-9D33-74F7D3D713AE}"
EndProject
Global
	GlobalSection(SolutionConfigurationPlatforms) = preSolution
		Debug|Any CPU = Debug|Any CPU
		Debug|x64 = Debug|x64
		Debug|x86 = Debug|x86
		Release|Any CPU = Release|Any CPU
		Release|x64 = Release|x64
		Release|x86 = Release|x86
	EndGlobalSection
	GlobalSection(ProjectConfigurationPlatforms) = postSolution
		{E0FFFE20-E286-43BF-A408-6CFF7F71ABC5}.Debug|Any CPU.ActiveCfg = Debug|x64
		{E0FFFE20-E286-43BF-A408-6CFF7F71ABC5}.Debug|Any CPU.Build.0 = Debug|x64
		{E0FFFE20-E286-43BF-A408-6CFF7F71ABC5}.Debug|x64.ActiveCfg = Debug|x64
		{E0FFFE20-E286-43BF-A408-6CFF7F71ABC5}.Debug|x64.Build.0 = Debug|x64
		{E0FFFE20-E286-43BF-A408-6CFF7F71ABC5}.Debug|x86.ActiveCfg = Debug|Win32
		{E0FFFE20-E286-43BF-A408-6CFF7F71ABC5}.Debug|x86.Build.0 = Debug|Win32
		{E0FFFE20-E286-43BF-A408-6CFF7F71ABC5}.Release|Any CPU.ActiveCfg = Release|x64
		{E0FFFE20-E286-43BF-A408-6CFF7F71ABC5}.Release|Any CPU.Build.0 = Release|x64
		{E0FFFE20-E286-43BF-A408-6CFF7F71ABC5}.Release|x64.ActiveCfg = Release|x64
		{E0FFFE20-E286-43BF-A408-6CFF7F71ABC5}.Release|x64.Build.0 = Release|x64
		{E0FFFE20-E286-43BF-A408-6CFF7F71ABC5}.Release|x86.ActiveCfg = Release|Win32
		{E0FFFE20-E286-43BF-A408-6CFF7F71ABC5}.Release|x86.Build.0 = Release|Win32
		{06ED6FA7-0CE4-465B-93B7-0B206709DA2B}.Debug|Any CPU.ActiveCfg = Debug|x64
		{06ED6FA7-0CE4-465B-93B7-0B206709DA2B}.Debug|Any CPU.Build.0 = Debug|x64
		{06ED6FA7-0CE4-465B-93B7-0B206709DA2B}.Debug|x64.ActiveCfg = Debug|x64
		{06ED6FA7-0CE4-465B-93B7-0B206709DA2B}.Debug|x64.Build.0 = Debug|x64
		{06ED6FA7-0CE4-465B-93B7-0B206709DA2B}.Debug|x86.ActiveCfg = Debug|Win32
		{06ED6FA7-0CE4-465B-93B7-0B206709DA2B}.Debug|x86.Build.0 = Debug|Win32
		{06ED6FA7-0CE4-465B-93B7-0B206709DA2B}.Release|Any CPU.ActiveCfg = Release|x64
		{06ED6FA7-0CE4-465B-93B7-0B206709DA2B}.Release|Any CPU.Build.0 = Release|x64
		{06ED6FA7-0CE4-465B-93B7-0B206709DA2B}.Release|x64.ActiveCfg = Release|x64
		{06ED6FA7-0CE4-465B-93B7-0B206709DA2B}.Release|x64.Build.0 = Release|x64
		{06ED6FA7-0CE4-465B-93B7-0B206709DA2B}.Release|x86.ActiveCfg = Release|Win32
		{06ED6FA7-0CE4-465B-93B7-0B206709DA2B}.Release|x86.Build.0 = Release|Win32
		{21D07F28-D2E4-4D37-9D33-74F7D3D713AE}.Debug|Any CPU.ActiveCfg = Debug|Any CPU
		{21D07F28-D2E4-4D37-9D33-74F7D3D713AE}.Debug|Any CPU.Build.0 = Debug|Any CPU
		{21D07F28-D2E4-4D37-9D33-74F7D3D713AE}.Debug|x64.ActiveCfg = Debug|Any CPU
		{21D07F28-D2E4-4D37-9D33-74F7D3D713AE}.Debug|x64.Build.0 = Debug|Any CPU
		{21D07F28-D2E4-4D37-9D33-74F7D3D713AE}.Debug|x86.ActiveCfg = Debug|Any CPU
		{21D07F28-D2E4-4D37-9D33-74F7D3D713AE}.Debug|x86.Build.0 = Debug|Any CPU
		{21D07F28-D2E4-4D37-9D33-74F7D3D713AE}.Release|Any CPU.ActiveCfg = Release|Any CPU
		{21D07F28-D2E4-4D37-9D33-74F7D3D713AE}.Release|Any CPU.Build.0 = Release|Any CPU
		{21D07F28-D2E4-4D37-9D33-74F7D3D713AE}.Release|x64.ActiveCfg = Release|Any CPU
		{21D07F28-D2E4-4D37-9D33-74F7D3D713AE}.Release|x64.Build.0 = Release|Any CPU
		{21D07F28-D2E4-4D37-9D33-74F7D3D713AE}.Release|x86.ActiveCfg = Release|Any CPU
		{21D07F28-D2E4-4D37-9D33-74F7D3D713AE}.Release|x86.Build.0 = Release|Any CPU
	EndGlobalSection
	GlobalSection(SolutionProperties) = preSolution
		HideSolutionNode = FALSE
	EndGlobalSection
	GlobalSection(ExtensibilityGlobals) = postSolution
		SolutionGuid = {B23735E1-ECC8-4E72-A17D-479A9DEE0AE9}
	EndGlobalSection
EndGlobal
